
Microsoft Visual Studio Solution File, Format Version 12.00
# Visual Studio Version 17
VisualStudioVersion = 17.9.34607.119
MinimumVisualStudioVersion = 10.0.40219.1
Project("{FAE04EC0-301F-11D3-BF4B-00C04F79EFBC}") = "PatronSingleton", "PatronSingleton\PatronSingleton.csproj", "{E158B126-3C52-4E4C-8C0D-639D31122DDD}"
EndProject
Global
	GlobalSection(SolutionConfigurationPlatforms) = preSolution
		Debug|Any CPU = Debug|Any CPU
		Release|Any CPU = Release|Any CPU
	EndGlobalSection
	GlobalSection(ProjectConfigurationPlatforms) = postSolution
		{E158B126-3C52-4E4C-8C0D-639D31122DDD}.Debug|Any CPU.ActiveCfg = Debug|Any CPU
		{E158B126-3C52-4E4C-8C0D-639D31122DDD}.Debug|Any CPU.Build.0 = Debug|Any CPU
		{E158B126-3C52-4E4C-8C0D-639D31122DDD}.Release|Any CPU.ActiveCfg = Release|Any CPU
		{E158B126-3C52-4E4C-8C0D-639D31122DDD}.Release|Any CPU.Build.0 = Release|Any CPU
	EndGlobalSection
	GlobalSection(SolutionProperties) = preSolution
		HideSolutionNode = FALSE
	EndGlobalSection
	GlobalSection(ExtensibilityGlobals) = postSolution
		SolutionGuid = {CD472BE3-46E9-4A8F-911C-4ECE9198C0BF}
	EndGlobalSection
EndGlobal
